
Microsoft Visual Studio Solution File, Format Version 12.00
# Visual Studio 2013
VisualStudioVersion = 12.0.31101.0
MinimumVisualStudioVersion = 10.0.40219.1
Project("{FAE04EC0-301F-11D3-BF4B-00C04F79EFBC}") = "Xamarin.FloatLabeledEditText", "Xamarin.FloatLabeledEditText\Xamarin.FloatLabeledEditText.csproj", "{0D06014F-57DF-4E54-A752-D2D17B5C8599}"
EndProject
Project("{2150E333-8FDC-42A3-9474-1A3956D46DE8}") = "Sample", "Sample", "{3194572E-1DBB-474D-9859-0ECA4D253AAE}"
EndProject
Project("{FAE04EC0-301F-11D3-BF4B-00C04F79EFBC}") = "SampleApp", "SampleApp\SampleApp.csproj", "{B351F9E2-244B-4A15-890B-9CE890D4ACFB}"
EndProject
Global
	GlobalSection(SolutionConfigurationPlatforms) = preSolution
		Debug|Any CPU = Debug|Any CPU
		Release|Any CPU = Release|Any CPU
	EndGlobalSection
	GlobalSection(ProjectConfigurationPlatforms) = postSolution
		{0D06014F-57DF-4E54-A752-D2D17B5C8599}.Debug|Any CPU.ActiveCfg = Debug|Any CPU
		{0D06014F-57DF-4E54-A752-D2D17B5C8599}.Debug|Any CPU.Build.0 = Debug|Any CPU
		{0D06014F-57DF-4E54-A752-D2D17B5C8599}.Release|Any CPU.ActiveCfg = Release|Any CPU
		{0D06014F-57DF-4E54-A752-D2D17B5C8599}.Release|Any CPU.Build.0 = Release|Any CPU
		{B351F9E2-244B-4A15-890B-9CE890D4ACFB}.Debug|Any CPU.ActiveCfg = Debug|Any CPU
		{B351F9E2-244B-4A15-890B-9CE890D4ACFB}.Debug|Any CPU.Build.0 = Debug|Any CPU
		{B351F9E2-244B-4A15-890B-9CE890D4ACFB}.Debug|Any CPU.Deploy.0 = Debug|Any CPU
		{B351F9E2-244B-4A15-890B-9CE890D4ACFB}.Release|Any CPU.ActiveCfg = Release|Any CPU
		{B351F9E2-244B-4A15-890B-9CE890D4ACFB}.Release|Any CPU.Build.0 = Release|Any CPU
		{B351F9E2-244B-4A15-890B-9CE890D4ACFB}.Release|Any CPU.Deploy.0 = Release|Any CPU
	EndGlobalSection
	GlobalSection(SolutionProperties) = preSolution
		HideSolutionNode = FALSE
	EndGlobalSection
	GlobalSection(NestedProjects) = preSolution
		{B351F9E2-244B-4A15-890B-9CE890D4ACFB} = {3194572E-1DBB-474D-9859-0ECA4D253AAE}
	EndGlobalSection
EndGlobal
